
Microsoft Visual Studio Solution File, Format Version 12.00
# Visual Studio 2013
VisualStudioVersion = 12.0.40629.0
MinimumVisualStudioVersion = 10.0.40219.1
Project("{FAE04EC0-301F-11D3-BF4B-00C04F79EFBC}") = "BookShopTestv2", "BookShopTestv2\BookShopTestv2.csproj", "{B0776D3E-D8C0-48E3-9A20-2B94748430FA}"
EndProject
Project("{FAE04EC0-301F-11D3-BF4B-00C04F79EFBC}") = "Testing", "Testing\Testing.csproj", "{746D475F-EF3A-45F6-B04B-842D06243A1B}"
EndProject
Global
	GlobalSection(SolutionConfigurationPlatforms) = preSolution
		Debug|Any CPU = Debug|Any CPU
		Release|Any CPU = Release|Any CPU
	EndGlobalSection
	GlobalSection(ProjectConfigurationPlatforms) = postSolution
		{B0776D3E-D8C0-48E3-9A20-2B94748430FA}.Debug|Any CPU.ActiveCfg = Debug|Any CPU
		{B0776D3E-D8C0-48E3-9A20-2B94748430FA}.Debug|Any CPU.Build.0 = Debug|Any CPU
		{B0776D3E-D8C0-48E3-9A20-2B94748430FA}.Release|Any CPU.ActiveCfg = Release|Any CPU
		{B0776D3E-D8C0-48E3-9A20-2B94748430FA}.Release|Any CPU.Build.0 = Release|Any CPU
		{746D475F-EF3A-45F6-B04B-842D06243A1B}.Debug|Any CPU.ActiveCfg = Debug|Any CPU
		{746D475F-EF3A-45F6-B04B-842D06243A1B}.Debug|Any CPU.Build.0 = Debug|Any CPU
		{746D475F-EF3A-45F6-B04B-842D06243A1B}.Release|Any CPU.ActiveCfg = Release|Any CPU
		{746D475F-EF3A-45F6-B04B-842D06243A1B}.Release|Any CPU.Build.0 = Release|Any CPU
	EndGlobalSection
	GlobalSection(SolutionProperties) = preSolution
		HideSolutionNode = FALSE
	EndGlobalSection
EndGlobal
