
Microsoft Visual Studio Solution File, Format Version 12.00
# Visual Studio 2013
VisualStudioVersion = 12.0.40629.0
MinimumVisualStudioVersion = 10.0.40219.1
Project("{FAE04EC0-301F-11D3-BF4B-00C04F79EFBC}") = "DELEGATES Example", "DELEGATES Example\DELEGATES Example.csproj", "{DA17CDAF-04B6-4A41-8A56-AE4968EEE1D2}"
EndProject
Global
	GlobalSection(SolutionConfigurationPlatforms) = preSolution
		Debug|Any CPU = Debug|Any CPU
		Release|Any CPU = Release|Any CPU
	EndGlobalSection
	GlobalSection(ProjectConfigurationPlatforms) = postSolution
		{DA17CDAF-04B6-4A41-8A56-AE4968EEE1D2}.Debug|Any CPU.ActiveCfg = Debug|Any CPU
		{DA17CDAF-04B6-4A41-8A56-AE4968EEE1D2}.Debug|Any CPU.Build.0 = Debug|Any CPU
		{DA17CDAF-04B6-4A41-8A56-AE4968EEE1D2}.Release|Any CPU.ActiveCfg = Release|Any CPU
		{DA17CDAF-04B6-4A41-8A56-AE4968EEE1D2}.Release|Any CPU.Build.0 = Release|Any CPU
	EndGlobalSection
	GlobalSection(SolutionProperties) = preSolution
		HideSolutionNode = FALSE
	EndGlobalSection
EndGlobal
