
Microsoft Visual Studio Solution File, Format Version 12.00
# Visual Studio 2013
VisualStudioVersion = 12.0.40629.0
MinimumVisualStudioVersion = 10.0.40219.1
Project("{FAE04EC0-301F-11D3-BF4B-00C04F79EFBC}") = "BookStoreTDD", "BookStoreTDD\BookStoreTDD.csproj", "{63857D9A-C0A0-4A99-8631-FE282C57EDE8}"
EndProject
Project("{FAE04EC0-301F-11D3-BF4B-00C04F79EFBC}") = "CatalogueTest", "CatalogueTest\CatalogueTest.csproj", "{CE8C76BF-3C05-4612-8389-6C0027D5B5FE}"
EndProject
Global
	GlobalSection(SolutionConfigurationPlatforms) = preSolution
		Debug|Any CPU = Debug|Any CPU
		Release|Any CPU = Release|Any CPU
	EndGlobalSection
	GlobalSection(ProjectConfigurationPlatforms) = postSolution
		{63857D9A-C0A0-4A99-8631-FE282C57EDE8}.Debug|Any CPU.ActiveCfg = Debug|Any CPU
		{63857D9A-C0A0-4A99-8631-FE282C57EDE8}.Debug|Any CPU.Build.0 = Debug|Any CPU
		{63857D9A-C0A0-4A99-8631-FE282C57EDE8}.Release|Any CPU.ActiveCfg = Release|Any CPU
		{63857D9A-C0A0-4A99-8631-FE282C57EDE8}.Release|Any CPU.Build.0 = Release|Any CPU
		{CE8C76BF-3C05-4612-8389-6C0027D5B5FE}.Debug|Any CPU.ActiveCfg = Debug|Any CPU
		{CE8C76BF-3C05-4612-8389-6C0027D5B5FE}.Debug|Any CPU.Build.0 = Debug|Any CPU
		{CE8C76BF-3C05-4612-8389-6C0027D5B5FE}.Release|Any CPU.ActiveCfg = Release|Any CPU
		{CE8C76BF-3C05-4612-8389-6C0027D5B5FE}.Release|Any CPU.Build.0 = Release|Any CPU
	EndGlobalSection
	GlobalSection(SolutionProperties) = preSolution
		HideSolutionNode = FALSE
	EndGlobalSection
EndGlobal
