
Microsoft Visual Studio Solution File, Format Version 12.00
# Visual Studio 2013
VisualStudioVersion = 12.0.40629.0
MinimumVisualStudioVersion = 10.0.40219.1
Project("{FAE04EC0-301F-11D3-BF4B-00C04F79EFBC}") = "CardGame", "CardGame.Card\CardGame.csproj", "{47F196ED-68CE-4CFC-BEC8-FA2BD0C530F6}"
EndProject
Project("{FAE04EC0-301F-11D3-BF4B-00C04F79EFBC}") = "CardGame.Test", "CardGame.Test\CardGame.Test.csproj", "{CDE3E329-0D66-4DEB-A9F2-6763D451104A}"
EndProject
Global
	GlobalSection(SolutionConfigurationPlatforms) = preSolution
		Debug|Any CPU = Debug|Any CPU
		Release|Any CPU = Release|Any CPU
	EndGlobalSection
	GlobalSection(ProjectConfigurationPlatforms) = postSolution
		{47F196ED-68CE-4CFC-BEC8-FA2BD0C530F6}.Debug|Any CPU.ActiveCfg = Debug|Any CPU
		{47F196ED-68CE-4CFC-BEC8-FA2BD0C530F6}.Debug|Any CPU.Build.0 = Debug|Any CPU
		{47F196ED-68CE-4CFC-BEC8-FA2BD0C530F6}.Release|Any CPU.ActiveCfg = Release|Any CPU
		{47F196ED-68CE-4CFC-BEC8-FA2BD0C530F6}.Release|Any CPU.Build.0 = Release|Any CPU
		{CDE3E329-0D66-4DEB-A9F2-6763D451104A}.Debug|Any CPU.ActiveCfg = Debug|Any CPU
		{CDE3E329-0D66-4DEB-A9F2-6763D451104A}.Debug|Any CPU.Build.0 = Debug|Any CPU
		{CDE3E329-0D66-4DEB-A9F2-6763D451104A}.Release|Any CPU.ActiveCfg = Release|Any CPU
		{CDE3E329-0D66-4DEB-A9F2-6763D451104A}.Release|Any CPU.Build.0 = Release|Any CPU
	EndGlobalSection
	GlobalSection(SolutionProperties) = preSolution
		HideSolutionNode = FALSE
	EndGlobalSection
EndGlobal
