
Microsoft Visual Studio Solution File, Format Version 12.00
# Visual Studio 2013
VisualStudioVersion = 12.0.40629.0
MinimumVisualStudioVersion = 10.0.40219.1
Project("{FAE04EC0-301F-11D3-BF4B-00C04F79EFBC}") = "Task1BEN", "Task1BEN\Task1BEN.csproj", "{5E893994-0092-4F5C-BEBE-EAFC0D4E7CE7}"
EndProject
Project("{FAE04EC0-301F-11D3-BF4B-00C04F79EFBC}") = "Task2", "Task2\Task2.csproj", "{ECA6F055-F8BF-4256-A23C-168A4A788824}"
EndProject
Project("{FAE04EC0-301F-11D3-BF4B-00C04F79EFBC}") = "Task3", "Task3\Task3.csproj", "{3973D8ED-EACB-405F-8289-C09159D6EF65}"
EndProject
Project("{FAE04EC0-301F-11D3-BF4B-00C04F79EFBC}") = "Task4", "Task4\Task4.csproj", "{BA57F340-10C0-49E8-B06E-67C80D7DDB58}"
EndProject
Project("{FAE04EC0-301F-11D3-BF4B-00C04F79EFBC}") = "Task5", "Task5\Task5.csproj", "{54B53EEC-0980-4DF1-9E5C-30C740008BC3}"
EndProject
Project("{FAE04EC0-301F-11D3-BF4B-00C04F79EFBC}") = "Task6", "ConsoleApplication1\Task6.csproj", "{C83D6240-62D6-455C-B3E9-D6316420711B}"
EndProject
Project("{FAE04EC0-301F-11D3-BF4B-00C04F79EFBC}") = "Task7", "Task7\Task7.csproj", "{35795CF3-97D7-4765-B39D-14B87D3572FE}"
EndProject
Project("{FAE04EC0-301F-11D3-BF4B-00C04F79EFBC}") = "TASK3ANSWER", "TASK3ANSWER\TASK3ANSWER.csproj", "{007C16E0-A637-4624-A069-CC355E1B46C2}"
EndProject
Global
	GlobalSection(SubversionScc) = preSolution
		Svn-Managed = True
		Manager = AnkhSVN - Subversion Support for Visual Studio
	EndGlobalSection
	GlobalSection(SolutionConfigurationPlatforms) = preSolution
		Debug|Any CPU = Debug|Any CPU
		Release|Any CPU = Release|Any CPU
	EndGlobalSection
	GlobalSection(ProjectConfigurationPlatforms) = postSolution
		{5E893994-0092-4F5C-BEBE-EAFC0D4E7CE7}.Debug|Any CPU.ActiveCfg = Debug|Any CPU
		{5E893994-0092-4F5C-BEBE-EAFC0D4E7CE7}.Debug|Any CPU.Build.0 = Debug|Any CPU
		{5E893994-0092-4F5C-BEBE-EAFC0D4E7CE7}.Release|Any CPU.ActiveCfg = Release|Any CPU
		{5E893994-0092-4F5C-BEBE-EAFC0D4E7CE7}.Release|Any CPU.Build.0 = Release|Any CPU
		{ECA6F055-F8BF-4256-A23C-168A4A788824}.Debug|Any CPU.ActiveCfg = Debug|Any CPU
		{ECA6F055-F8BF-4256-A23C-168A4A788824}.Debug|Any CPU.Build.0 = Debug|Any CPU
		{ECA6F055-F8BF-4256-A23C-168A4A788824}.Release|Any CPU.ActiveCfg = Release|Any CPU
		{ECA6F055-F8BF-4256-A23C-168A4A788824}.Release|Any CPU.Build.0 = Release|Any CPU
		{3973D8ED-EACB-405F-8289-C09159D6EF65}.Debug|Any CPU.ActiveCfg = Debug|Any CPU
		{3973D8ED-EACB-405F-8289-C09159D6EF65}.Debug|Any CPU.Build.0 = Debug|Any CPU
		{3973D8ED-EACB-405F-8289-C09159D6EF65}.Release|Any CPU.ActiveCfg = Release|Any CPU
		{3973D8ED-EACB-405F-8289-C09159D6EF65}.Release|Any CPU.Build.0 = Release|Any CPU
		{BA57F340-10C0-49E8-B06E-67C80D7DDB58}.Debug|Any CPU.ActiveCfg = Debug|Any CPU
		{BA57F340-10C0-49E8-B06E-67C80D7DDB58}.Debug|Any CPU.Build.0 = Debug|Any CPU
		{BA57F340-10C0-49E8-B06E-67C80D7DDB58}.Release|Any CPU.ActiveCfg = Release|Any CPU
		{BA57F340-10C0-49E8-B06E-67C80D7DDB58}.Release|Any CPU.Build.0 = Release|Any CPU
		{54B53EEC-0980-4DF1-9E5C-30C740008BC3}.Debug|Any CPU.ActiveCfg = Debug|Any CPU
		{54B53EEC-0980-4DF1-9E5C-30C740008BC3}.Debug|Any CPU.Build.0 = Debug|Any CPU
		{54B53EEC-0980-4DF1-9E5C-30C740008BC3}.Release|Any CPU.ActiveCfg = Release|Any CPU
		{54B53EEC-0980-4DF1-9E5C-30C740008BC3}.Release|Any CPU.Build.0 = Release|Any CPU
		{C83D6240-62D6-455C-B3E9-D6316420711B}.Debug|Any CPU.ActiveCfg = Debug|Any CPU
		{C83D6240-62D6-455C-B3E9-D6316420711B}.Debug|Any CPU.Build.0 = Debug|Any CPU
		{C83D6240-62D6-455C-B3E9-D6316420711B}.Release|Any CPU.ActiveCfg = Release|Any CPU
		{C83D6240-62D6-455C-B3E9-D6316420711B}.Release|Any CPU.Build.0 = Release|Any CPU
		{35795CF3-97D7-4765-B39D-14B87D3572FE}.Debug|Any CPU.ActiveCfg = Debug|Any CPU
		{35795CF3-97D7-4765-B39D-14B87D3572FE}.Debug|Any CPU.Build.0 = Debug|Any CPU
		{35795CF3-97D7-4765-B39D-14B87D3572FE}.Release|Any CPU.ActiveCfg = Release|Any CPU
		{35795CF3-97D7-4765-B39D-14B87D3572FE}.Release|Any CPU.Build.0 = Release|Any CPU
		{007C16E0-A637-4624-A069-CC355E1B46C2}.Debug|Any CPU.ActiveCfg = Debug|Any CPU
		{007C16E0-A637-4624-A069-CC355E1B46C2}.Debug|Any CPU.Build.0 = Debug|Any CPU
		{007C16E0-A637-4624-A069-CC355E1B46C2}.Release|Any CPU.ActiveCfg = Release|Any CPU
		{007C16E0-A637-4624-A069-CC355E1B46C2}.Release|Any CPU.Build.0 = Release|Any CPU
	EndGlobalSection
	GlobalSection(SolutionProperties) = preSolution
		HideSolutionNode = FALSE
	EndGlobalSection
EndGlobal
