
Microsoft Visual Studio Solution File, Format Version 12.00
# Visual Studio 2013
VisualStudioVersion = 12.0.40629.0
MinimumVisualStudioVersion = 10.0.40219.1
Project("{FAE04EC0-301F-11D3-BF4B-00C04F79EFBC}") = "ASP.NET.Advancedv2", "ASP.NET.Advancedv2\ASP.NET.Advancedv2.csproj", "{35BA2242-FC35-43D8-BCDF-61DD649043DA}"
EndProject
Project("{FAE04EC0-301F-11D3-BF4B-00C04F79EFBC}") = "ASPAdvancedDemo.Test", "ASPAdvancedDemo.Test\ASPAdvancedDemo.Test.csproj", "{D4D7BB53-2DE8-4400-98D4-F2FE8FD26E4D}"
EndProject
Global
	GlobalSection(SolutionConfigurationPlatforms) = preSolution
		Debug|Any CPU = Debug|Any CPU
		Release|Any CPU = Release|Any CPU
	EndGlobalSection
	GlobalSection(ProjectConfigurationPlatforms) = postSolution
		{35BA2242-FC35-43D8-BCDF-61DD649043DA}.Debug|Any CPU.ActiveCfg = Debug|Any CPU
		{35BA2242-FC35-43D8-BCDF-61DD649043DA}.Debug|Any CPU.Build.0 = Debug|Any CPU
		{35BA2242-FC35-43D8-BCDF-61DD649043DA}.Release|Any CPU.ActiveCfg = Release|Any CPU
		{35BA2242-FC35-43D8-BCDF-61DD649043DA}.Release|Any CPU.Build.0 = Release|Any CPU
		{D4D7BB53-2DE8-4400-98D4-F2FE8FD26E4D}.Debug|Any CPU.ActiveCfg = Debug|Any CPU
		{D4D7BB53-2DE8-4400-98D4-F2FE8FD26E4D}.Debug|Any CPU.Build.0 = Debug|Any CPU
		{D4D7BB53-2DE8-4400-98D4-F2FE8FD26E4D}.Release|Any CPU.ActiveCfg = Release|Any CPU
		{D4D7BB53-2DE8-4400-98D4-F2FE8FD26E4D}.Release|Any CPU.Build.0 = Release|Any CPU
	EndGlobalSection
	GlobalSection(SolutionProperties) = preSolution
		HideSolutionNode = FALSE
	EndGlobalSection
EndGlobal
