
Microsoft Visual Studio Solution File, Format Version 12.00
# Visual Studio 2013
VisualStudioVersion = 12.0.40629.0
MinimumVisualStudioVersion = 10.0.40219.1
Project("{FAE04EC0-301F-11D3-BF4B-00C04F79EFBC}") = "SupermarketCheckout", "SupermarketCheckout\SupermarketCheckout.csproj", "{A3A77A1D-70B7-40D2-8CFD-B60942A87125}"
EndProject
Project("{FAE04EC0-301F-11D3-BF4B-00C04F79EFBC}") = "SupermarketCheckoutTDD", "SupermarketCheckoutTDD\SupermarketCheckoutTDD.csproj", "{447B0663-3267-46AF-B52B-55B362BE92A1}"
EndProject
Global
	GlobalSection(SolutionConfigurationPlatforms) = preSolution
		Debug|Any CPU = Debug|Any CPU
		Release|Any CPU = Release|Any CPU
	EndGlobalSection
	GlobalSection(ProjectConfigurationPlatforms) = postSolution
		{A3A77A1D-70B7-40D2-8CFD-B60942A87125}.Debug|Any CPU.ActiveCfg = Debug|Any CPU
		{A3A77A1D-70B7-40D2-8CFD-B60942A87125}.Debug|Any CPU.Build.0 = Debug|Any CPU
		{A3A77A1D-70B7-40D2-8CFD-B60942A87125}.Release|Any CPU.ActiveCfg = Release|Any CPU
		{A3A77A1D-70B7-40D2-8CFD-B60942A87125}.Release|Any CPU.Build.0 = Release|Any CPU
		{447B0663-3267-46AF-B52B-55B362BE92A1}.Debug|Any CPU.ActiveCfg = Debug|Any CPU
		{447B0663-3267-46AF-B52B-55B362BE92A1}.Debug|Any CPU.Build.0 = Debug|Any CPU
		{447B0663-3267-46AF-B52B-55B362BE92A1}.Release|Any CPU.ActiveCfg = Release|Any CPU
		{447B0663-3267-46AF-B52B-55B362BE92A1}.Release|Any CPU.Build.0 = Release|Any CPU
	EndGlobalSection
	GlobalSection(SolutionProperties) = preSolution
		HideSolutionNode = FALSE
	EndGlobalSection
EndGlobal
